// !$*UTF8*$!
{
	archiveVersion = 1;
	classes = {
	};
	objectVersion = 50;
	objects = {

/* Begin PBXBuildFile section */
		230DE639210E77080075AA9F /* AppDelegate.swift in Sources */ = {isa = PBXBuildFile; fileRef = 230DE638210E77080075AA9F /* AppDelegate.swift */; };
		230DE63B210E77080075AA9F /* ViewController.swift in Sources */ = {isa = PBXBuildFile; fileRef = 230DE63A210E77080075AA9F /* ViewController.swift */; };
		230DE63E210E77080075AA9F /* Main.storyboard in Resources */ = {isa = PBXBuildFile; fileRef = 230DE63C210E77080075AA9F /* Main.storyboard */; };
		230DE640210E770A0075AA9F /* Assets.xcassets in Resources */ = {isa = PBXBuildFile; fileRef = 230DE63F210E770A0075AA9F /* Assets.xcassets */; };
		230DE643210E770A0075AA9F /* LaunchScreen.storyboard in Resources */ = {isa = PBXBuildFile; fileRef = 230DE641210E770A0075AA9F /* LaunchScreen.storyboard */; };
		230DE64D210E79C50075AA9F /* CloudKit.framework in Frameworks */ = {isa = PBXBuildFile; fileRef = 230DE64C210E79C50075AA9F /* CloudKit.framework */; };
/* End PBXBuildFile section */

/* Begin PBXFileReference section */
		230DE635210E77080075AA9F /* SavingToTheCloud.app */ = {isa = PBXFileReference; explicitFileType = wrapper.application; includeInIndex = 0; path = SavingToTheCloud.app; sourceTree = BUILT_PRODUCTS_DIR; };
		230DE638210E77080075AA9F /* AppDelegate.swift */ = {isa = PBXFileReference; lastKnownFileType = sourcecode.swift; path = AppDelegate.swift; sourceTree = "<group>"; };
		230DE63A210E77080075AA9F /* ViewController.swift */ = {isa = PBXFileReference; lastKnownFileType = sourcecode.swift; path = ViewController.swift; sourceTree = "<group>"; };
		230DE63D210E77080075AA9F /* Base */ = {isa = PBXFileReference; lastKnownFileType = file.storyboard; name = Base; path = Base.lproj/Main.storyboard; sourceTree = "<group>"; };
		230DE63F210E770A0075AA9F /* Assets.xcassets */ = {isa = PBXFileReference; lastKnownFileType = folder.assetcatalog; path = Assets.xcassets; sourceTree = "<group>"; };
		230DE642210E770A0075AA9F /* Base */ = {isa = PBXFileReference; lastKnownFileType = file.storyboard; name = Base; path = Base.lproj/LaunchScreen.storyboard; sourceTree = "<group>"; };
		230DE644210E770A0075AA9F /* Info.plist */ = {isa = PBXFileReference; lastKnownFileType = text.plist.xml; path = Info.plist; sourceTree = "<group>"; };
		230DE64A210E79C10075AA9F /* SavingToTheCloud.entitlements */ = {isa = PBXFileReference; lastKnownFileType = text.plist.entitlements; path = SavingToTheCloud.entitlements; sourceTree = "<group>"; };
		230DE64C210E79C50075AA9F /* CloudKit.framework */ = {isa = PBXFileReference; lastKnownFileType = wrapper.framework; name = CloudKit.framework; path = System/Library/Frameworks/CloudKit.framework; sourceTree = SDKROOT; };
/* End PBXFileReference section */

/* Begin PBXFrameworksBuildPhase section */
		230DE632210E77080075AA9F /* Frameworks */ = {
			isa = PBXFrameworksBuildPhase;
			buildActionMask = 2147483647;
			files = (
				230DE64D210E79C50075AA9F /* CloudKit.framework in Frameworks */,
			);
			runOnlyForDeploymentPostprocessing = 0;
		};
/* End PBXFrameworksBuildPhase section */

/* Begin PBXGroup section */
		230DE62C210E77080075AA9F = {
			isa = PBXGroup;
			children = (
				230DE637210E77080075AA9F /* SavingToTheCloud */,
				230DE636210E77080075AA9F /* Products */,
				230DE64B210E79C50075AA9F /* Frameworks */,
			);
			sourceTree = "<group>";
		};
		230DE636210E77080075AA9F /* Products */ = {
			isa = PBXGroup;
			children = (
				230DE635210E77080075AA9F /* SavingToTheCloud.app */,
			);
			name = Products;
			sourceTree = "<group>";
		};
		230DE637210E77080075AA9F /* SavingToTheCloud */ = {
			isa = PBXGroup;
			children = (
				230DE64A210E79C10075AA9F /* SavingToTheCloud.entitlements */,
				230DE638210E77080075AA9F /* AppDelegate.swift */,
				230DE63A210E77080075AA9F /* ViewController.swift */,
				230DE63C210E77080075AA9F /* Main.storyboard */,
				230DE63F210E770A0075AA9F /* Assets.xcassets */,
				230DE641210E770A0075AA9F /* LaunchScreen.storyboard */,
				230DE644210E770A0075AA9F /* Info.plist */,
			);
			path = SavingToTheCloud;
			sourceTree = "<group>";
		};
		230DE64B210E79C50075AA9F /* Frameworks */ = {
			isa = PBXGroup;
			children = (
				230DE64C210E79C50075AA9F /* CloudKit.framework */,
			);
			name = Frameworks;
			sourceTree = "<group>";
		};
/* End PBXGroup section */

/* Begin PBXNativeTarget section */
		230DE634210E77080075AA9F /* SavingToTheCloud */ = {
			isa = PBXNativeTarget;
			buildConfigurationList = 230DE647210E770A0075AA9F /* Build configuration list for PBXNativeTarget "SavingToTheCloud" */;
			buildPhases = (
				230DE631210E77080075AA9F /* Sources */,
				230DE632210E77080075AA9F /* Frameworks */,
				230DE633210E77080075AA9F /* Resources */,
			);
			buildRules = (
			);
			dependencies = (
			);
			name = SavingToTheCloud;
			productName = SavingToTheCloud;
			productReference = 230DE635210E77080075AA9F /* SavingToTheCloud.app */;
			productType = "com.apple.product-type.application";
		};
/* End PBXNativeTarget section */

/* Begin PBXProject section */
		230DE62D210E77080075AA9F /* Project object */ = {
			isa = PBXProject;
			attributes = {
				LastSwiftUpdateCheck = 0940;
				LastUpgradeCheck = 0940;
				ORGANIZATIONNAME = Beaglepig;
				TargetAttributes = {
					230DE634210E77080075AA9F = {
						CreatedOnToolsVersion = 9.4.1;
						SystemCapabilities = {
							com.apple.Push = {
								enabled = 1;
							};
							com.apple.iCloud = {
								enabled = 1;
							};
						};
					};
				};
			};
			buildConfigurationList = 230DE630210E77080075AA9F /* Build configuration list for PBXProject "SavingToTheCloud" */;
			compatibilityVersion = "Xcode 9.3";
			developmentRegion = en;
			hasScannedForEncodings = 0;
			knownRegions = (
				en,
				Base,
			);
			mainGroup = 230DE62C210E77080075AA9F;
			productRefGroup = 230DE636210E77080075AA9F /* Products */;
			projectDirPath = "";
			projectRoot = "";
			targets = (
				230DE634210E77080075AA9F /* SavingToTheCloud */,
			);
		};
/* End PBXProject section */

/* Begin PBXResourcesBuildPhase section */
		230DE633210E77080075AA9F /* Resources */ = {
			isa = PBXResourcesBuildPhase;
			buildActionMask = 2147483647;
			files = (
				230DE643210E770A0075AA9F /* LaunchScreen.storyboard in Resources */,
				230DE640210E770A0075AA9F /* Assets.xcassets in Resources */,
				230DE63E210E77080075AA9F /* Main.storyboard in Resources */,
			);
			runOnlyForDeploymentPostprocessing = 0;
		};
/* End PBXResourcesBuildPhase section */

/* Begin PBXSourcesBuildPhase section */
		230DE631210E77080075AA9F /* Sources */ = {
			isa = PBXSourcesBuildPhase;
			buildActionMask = 2147483647;
			files = (
				230DE63B210E77080075AA9F /* ViewController.swift in Sources */,
				230DE639210E77080075AA9F /* AppDelegate.swift in Sources */,
			);
			runOnlyForDeploymentPostprocessing = 0;
		};
/* End PBXSourcesBuildPhase section */

/* Begin PBXVariantGroup section */
		230DE63C210E77080075AA9F /* Main.storyboard */ = {
			isa = PBXVariantGroup;
			children = (
				230DE63D210E77080075AA9F /* Base */,
			);
			name = Main.storyboard;
			sourceTree = "<group>";
		};
		230DE641210E770A0075AA9F /* LaunchScreen.storyboard */ = {
			isa = PBXVariantGroup;
			children = (
				230DE642210E770A0075AA9F /* Base */,
			);
			name = LaunchScreen.storyboard;
			sourceTree = "<group>";
		};
/* End PBXVariantGroup section */

/* Begin XCBuildConfiguration section */
		230DE645210E770A0075AA9F /* Debug */ = {
			isa = XCBuildConfiguration;
			buildSettings = {
				ALWAYS_SEARCH_USER_PATHS = NO;
				CLANG_ANALYZER_NONNULL = YES;
				CLANG_ANALYZER_NUMBER_OBJECT_CONVERSION = YES_AGGRESSIVE;
				CLANG_CXX_LANGUAGE_STANDARD = "gnu++14";
				CLANG_CXX_LIBRARY = "libc++";
				CLANG_ENABLE_MODULES = YES;
				CLANG_ENABLE_OBJC_ARC = YES;
				CLANG_ENABLE_OBJC_WEAK = YES;
				CLANG_WARN_BLOCK_CAPTURE_AUTORELEASING = YES;
				CLANG_WARN_BOOL_CONVERSION = YES;
				CLANG_WARN_COMMA = YES;
				CLANG_WARN_CONSTANT_CONVERSION = YES;
				CLANG_WARN_DEPRECATED_OBJC_IMPLEMENTATIONS = YES;
				CLANG_WARN_DIRECT_OBJC_ISA_USAGE = YES_ERROR;
				CLANG_WARN_DOCUMENTATION_COMMENTS = YES;
				CLANG_WARN_EMPTY_BODY = YES;
				CLANG_WARN_ENUM_CONVERSION = YES;
				CLANG_WARN_INFINITE_RECURSION = YES;
				CLANG_WARN_INT_CONVERSION = YES;
				CLANG_WARN_NON_LITERAL_NULL_CONVERSION = YES;
				CLANG_WARN_OBJC_IMPLICIT_RETAIN_SELF = YES;
				CLANG_WARN_OBJC_LITERAL_CONVERSION = YES;
				CLANG_WARN_OBJC_ROOT_CLASS = YES_ERROR;
				CLANG_WARN_RANGE_LOOP_ANALYSIS = YES;
				CLANG_WARN_STRICT_PROTOTYPES = YES;
				CLANG_WARN_SUSPICIOUS_MOVE = YES;
				CLANG_WARN_UNGUARDED_AVAILABILITY = YES_AGGRESSIVE;
				CLANG_WARN_UNREACHABLE_CODE = YES;
				CLANG_WARN__DUPLICATE_METHOD_MATCH = YES;
				CODE_SIGN_IDENTITY = "iPhone Developer";
				COPY_PHASE_STRIP = NO;
				DEBUG_INFORMATION_FORMAT = dwarf;
				ENABLE_STRICT_OBJC_MSGSEND = YES;
				ENABLE_TESTABILITY = YES;
				GCC_C_LANGUAGE_STANDARD = gnu11;
				GCC_DYNAMIC_NO_PIC = NO;
				GCC_NO_COMMON_BLOCKS = YES;
				GCC_OPTIMIZATION_LEVEL = 0;
				GCC_PREPROCESSOR_DEFINITIONS = (
					"DEBUG=1",
					"$(inherited)",
				);
				GCC_WARN_64_TO_32_BIT_CONVERSION = YES;
				GCC_WARN_ABOUT_RETURN_TYPE = YES_ERROR;
				GCC_WARN_UNDECLARED_SELECTOR = YES;
				GCC_WARN_UNINITIALIZED_AUTOS = YES_AGGRESSIVE;
				GCC_WARN_UNUSED_FUNCTION = YES;
				GCC_WARN_UNUSED_VARIABLE = YES;
				IPHONEOS_DEPLOYMENT_TARGET = 11.4;
				MTL_ENABLE_DEBUG_INFO = YES;
				ONLY_ACTIVE_ARCH = YES;
				SDKROOT = iphoneos;
				SWIFT_ACTIVE_COMPILATION_CONDITIONS = DEBUG;
				SWIFT_OPTIMIZATION_LEVEL = "-Onone";
			};
			name = Debug;
		};
		230DE646210E770A0075AA9F /* Release */ = {
			isa = XCBuildConfiguration;
			buildSettings = {
				ALWAYS_SEARCH_USER_PATHS = NO;
				CLANG_ANALYZER_NONNULL = YES;
				CLANG_ANALYZER_NUMBER_OBJECT_CONVERSION = YES_AGGRESSIVE;
				CLANG_CXX_LANGUAGE_STANDARD = "gnu++14";
				CLANG_CXX_LIBRARY = "libc++";
				CLANG_ENABLE_MODULES = YES;
				CLANG_ENABLE_OBJC_ARC = YES;
				CLANG_ENABLE_OBJC_WEAK = YES;
				CLANG_WARN_BLOCK_CAPTURE_AUTORELEASING = YES;
				CLANG_WARN_BOOL_CONVERSION = YES;
				CLANG_WARN_COMMA = YES;
				CLANG_WARN_CONSTANT_CONVERSION = YES;
				CLANG_WARN_DEPRECATED_OBJC_IMPLEMENTATIONS = YES;
				CLANG_WARN_DIRECT_OBJC_ISA_USAGE = YES_ERROR;
				CLANG_WARN_DOCUMENTATION_COMMENTS = YES;
				CLANG_WARN_EMPTY_BODY = YES;
				CLANG_WARN_ENUM_CONVERSION = YES;
				CLANG_WARN_INFINITE_RECURSION = YES;
				CLANG_WARN_INT_CONVERSION = YES;
				CLANG_WARN_NON_LITERAL_NULL_CONVERSION = YES;
				CLANG_WARN_OBJC_IMPLICIT_RETAIN_SELF = YES;
				CLANG_WARN_OBJC_LITERAL_CONVERSION = YES;
				CLANG_WARN_OBJC_ROOT_CLASS = YES_ERROR;
				CLANG_WARN_RANGE_LOOP_ANALYSIS = YES;
				CLANG_WARN_STRICT_PROTOTYPES = YES;
				CLANG_WARN_SUSPICIOUS_MOVE = YES;
				CLANG_WARN_UNGUARDED_AVAILABILITY = YES_AGGRESSIVE;
				CLANG_WARN_UNREACHABLE_CODE = YES;
				CLANG_WARN__DUPLICATE_METHOD_MATCH = YES;
				CODE_SIGN_IDENTITY = "iPhone Developer";
				COPY_PHASE_STRIP = NO;
				DEBUG_INFORMATION_FORMAT = "dwarf-with-dsym";
				ENABLE_NS_ASSERTIONS = NO;
				ENABLE_STRICT_OBJC_MSGSEND = YES;
				GCC_C_LANGUAGE_STANDARD = gnu11;
				GCC_NO_COMMON_BLOCKS = YES;
				GCC_WARN_64_TO_32_BIT_CONVERSION = YES;
				GCC_WARN_ABOUT_RETURN_TYPE = YES_ERROR;
				GCC_WARN_UNDECLARED_SELECTOR = YES;
				GCC_WARN_UNINITIALIZED_AUTOS = YES_AGGRESSIVE;
				GCC_WARN_UNUSED_FUNCTION = YES;
				GCC_WARN_UNUSED_VARIABLE = YES;
				IPHONEOS_DEPLOYMENT_TARGET = 11.4;
				MTL_ENABLE_DEBUG_INFO = NO;
				SDKROOT = iphoneos;
				SWIFT_COMPILATION_MODE = wholemodule;
				SWIFT_OPTIMIZATION_LEVEL = "-O";
				VALIDATE_PRODUCT = YES;
			};
			name = Release;
		};
		230DE648210E770A0075AA9F /* Debug */ = {
			isa = XCBuildConfiguration;
			buildSettings = {
				ASSETCATALOG_COMPILER_APPICON_NAME = AppIcon;
				CODE_SIGN_ENTITLEMENTS = SavingToTheCloud/SavingToTheCloud.entitlements;
				CODE_SIGN_IDENTITY = "iPhone Developer";
				CODE_SIGN_STYLE = Automatic;
				DEVELOPMENT_TEAM = UBS5J9L934;
				INFOPLIST_FILE = SavingToTheCloud/Info.plist;
				LD_RUNPATH_SEARCH_PATHS = (
					"$(inherited)",
					"@executable_path/Frameworks",
				);
				PRODUCT_BUNDLE_IDENTIFIER = com.beaglepig.SavingToTheCloud;
				PRODUCT_NAME = "$(TARGET_NAME)";
				PROVISIONING_PROFILE_SPECIFIER = "";
				SWIFT_VERSION = 4.0;
				TARGETED_DEVICE_FAMILY = "1,2";
			};
			name = Debug;
		};
		230DE649210E770A0075AA9F /* Release */ = {
			isa = XCBuildConfiguration;
			buildSettings = {
				ASSETCATALOG_COMPILER_APPICON_NAME = AppIcon;
				CODE_SIGN_ENTITLEMENTS = SavingToTheCloud/SavingToTheCloud.entitlements;
				CODE_SIGN_IDENTITY = "iPhone Developer";
				CODE_SIGN_STYLE = Automatic;
				DEVELOPMENT_TEAM = UBS5J9L934;
				INFOPLIST_FILE = SavingToTheCloud/Info.plist;
				LD_RUNPATH_SEARCH_PATHS = (
					"$(inherited)",
					"@executable_path/Frameworks",
				);
				PRODUCT_BUNDLE_IDENTIFIER = com.beaglepig.SavingToTheCloud;
				PRODUCT_NAME = "$(TARGET_NAME)";
				PROVISIONING_PROFILE_SPECIFIER = "";
				SWIFT_VERSION = 4.0;
				TARGETED_DEVICE_FAMILY = "1,2";
			};
			name = Release;
		};
/* End XCBuildConfiguration section */

/* Begin XCConfigurationList section */
		230DE630210E77080075AA9F /* Build configuration list for PBXProject "SavingToTheCloud" */ = {
			isa = XCConfigurationList;
			buildConfigurations = (
				230DE645210E770A0075AA9F /* Debug */,
				230DE646210E770A0075AA9F /* Release */,
			);
			defaultConfigurationIsVisible = 0;
			defaultConfigurationName = Release;
		};
		230DE647210E770A0075AA9F /* Build configuration list for PBXNativeTarget "SavingToTheCloud" */ = {
			isa = XCConfigurationList;
			buildConfigurations = (
				230DE648210E770A0075AA9F /* Debug */,
				230DE649210E770A0075AA9F /* Release */,
			);
			defaultConfigurationIsVisible = 0;
			defaultConfigurationName = Release;
		};
/* End XCConfigurationList section */
	};
	rootObject = 230DE62D210E77080075AA9F /* Project object */;
}
