// !$*UTF8*$!
{
	archiveVersion = 1;
	classes = {
	};
	objectVersion = 50;
	objects = {

/* Begin PBXBuildFile section */
		2310CF4321A8877E00A995FB /* AssignmentHeaderFooterView.swift in Sources */ = {isa = PBXBuildFile; fileRef = 2310CF4221A8877E00A995FB /* AssignmentHeaderFooterView.swift */; };
		2310CF4721A920AE00A995FB /* AssignmentHeaderFooterView.xib in Resources */ = {isa = PBXBuildFile; fileRef = 2310CF4621A920AE00A995FB /* AssignmentHeaderFooterView.xib */; };
		2310CF4921A9F6C400A995FB /* UIApplication+Helpers.swift in Sources */ = {isa = PBXBuildFile; fileRef = 2310CF4821A9F6C400A995FB /* UIApplication+Helpers.swift */; };
		23484C562182250E007C5CCF /* CKRecord+Helpers.swift in Sources */ = {isa = PBXBuildFile; fileRef = 23484C552182250E007C5CCF /* CKRecord+Helpers.swift */; };
		23484C5A21822CA6007C5CCF /* Assignment+CoreDataClass.swift in Sources */ = {isa = PBXBuildFile; fileRef = 23484C5821822CA6007C5CCF /* Assignment+CoreDataClass.swift */; };
		23484C5B21822CA6007C5CCF /* Assignment+CoreDataProperties.swift in Sources */ = {isa = PBXBuildFile; fileRef = 23484C5921822CA6007C5CCF /* Assignment+CoreDataProperties.swift */; };
		23484C5D21822CEE007C5CCF /* RecordType.swift in Sources */ = {isa = PBXBuildFile; fileRef = 23484C5C21822CEE007C5CCF /* RecordType.swift */; };
		23484C5F21854A1E007C5CCF /* ClassTableViewController.swift in Sources */ = {isa = PBXBuildFile; fileRef = 23484C5E21854A1E007C5CCF /* ClassTableViewController.swift */; };
		23484C6121866927007C5CCF /* AddClassTableViewController.swift in Sources */ = {isa = PBXBuildFile; fileRef = 23484C6021866927007C5CCF /* AddClassTableViewController.swift */; };
		23484C64218963E0007C5CCF /* AssignmentTableViewController.swift in Sources */ = {isa = PBXBuildFile; fileRef = 23484C63218963E0007C5CCF /* AssignmentTableViewController.swift */; };
		23484C6621896B62007C5CCF /* AddAssignmentTableViewController.swift in Sources */ = {isa = PBXBuildFile; fileRef = 23484C6521896B62007C5CCF /* AddAssignmentTableViewController.swift */; };
		23580D4B218E164100434DD9 /* ToDo+CoreDataClass.swift in Sources */ = {isa = PBXBuildFile; fileRef = 23580D49218E164100434DD9 /* ToDo+CoreDataClass.swift */; };
		23580D4C218E164100434DD9 /* ToDo+CoreDataProperties.swift in Sources */ = {isa = PBXBuildFile; fileRef = 23580D4A218E164100434DD9 /* ToDo+CoreDataProperties.swift */; };
		23580D54218E286600434DD9 /* AssignmentTableViewCell.swift in Sources */ = {isa = PBXBuildFile; fileRef = 23580D53218E286600434DD9 /* AssignmentTableViewCell.swift */; };
		235E0B86219550D9005D3B9C /* ScheduleTableViewController.swift in Sources */ = {isa = PBXBuildFile; fileRef = 235E0B85219550D9005D3B9C /* ScheduleTableViewController.swift */; };
		235E0B8921955647005D3B9C /* Date+Helpers.swift in Sources */ = {isa = PBXBuildFile; fileRef = 235E0B8821955647005D3B9C /* Date+Helpers.swift */; };
		235E0B8B2197DF44005D3B9C /* String+Helpers.swift in Sources */ = {isa = PBXBuildFile; fileRef = 235E0B8A2197DF44005D3B9C /* String+Helpers.swift */; };
		235E0B8E2198AE06005D3B9C /* ClassTableViewCell.swift in Sources */ = {isa = PBXBuildFile; fileRef = 235E0B8D2198AE05005D3B9C /* ClassTableViewCell.swift */; };
		235E0B902199491F005D3B9C /* UILabel+Helpers.swift in Sources */ = {isa = PBXBuildFile; fileRef = 235E0B8F2199491F005D3B9C /* UILabel+Helpers.swift */; };
		23CD109121803C530034FFA7 /* AppDelegate.swift in Sources */ = {isa = PBXBuildFile; fileRef = 23CD109021803C530034FFA7 /* AppDelegate.swift */; };
		23CD109621803C530034FFA7 /* Main.storyboard in Resources */ = {isa = PBXBuildFile; fileRef = 23CD109421803C530034FFA7 /* Main.storyboard */; };
		23CD109921803C530034FFA7 /* MagnetHomeworkApp.xcdatamodeld in Sources */ = {isa = PBXBuildFile; fileRef = 23CD109721803C530034FFA7 /* MagnetHomeworkApp.xcdatamodeld */; };
		23CD109B21803C550034FFA7 /* Assets.xcassets in Resources */ = {isa = PBXBuildFile; fileRef = 23CD109A21803C550034FFA7 /* Assets.xcassets */; };
		23CD109E21803C550034FFA7 /* LaunchScreen.storyboard in Resources */ = {isa = PBXBuildFile; fileRef = 23CD109C21803C550034FFA7 /* LaunchScreen.storyboard */; };
		23CD10A821803D010034FFA7 /* CloudKit.framework in Frameworks */ = {isa = PBXBuildFile; fileRef = 23CD10A721803D010034FFA7 /* CloudKit.framework */; };
		23CD10AA21803E4D0034FFA7 /* CloudController.swift in Sources */ = {isa = PBXBuildFile; fileRef = 23CD10A921803E4D0034FFA7 /* CloudController.swift */; };
		23CD10AD2180413E0034FFA7 /* CloudUploadable.swift in Sources */ = {isa = PBXBuildFile; fileRef = 23CD10AC2180413E0034FFA7 /* CloudUploadable.swift */; };
		23CD10AF21814F790034FFA7 /* CloudKitErrorHandler.swift in Sources */ = {isa = PBXBuildFile; fileRef = 23CD10AE21814F790034FFA7 /* CloudKitErrorHandler.swift */; };
		23CD10B121814F9B0034FFA7 /* CoreDataController.swift in Sources */ = {isa = PBXBuildFile; fileRef = 23CD10B021814F9B0034FFA7 /* CoreDataController.swift */; };
		23CD10B421814FBE0034FFA7 /* CoreDataUploadable.swift in Sources */ = {isa = PBXBuildFile; fileRef = 23CD10B321814FBE0034FFA7 /* CoreDataUploadable.swift */; };
		23CD10B621814FE10034FFA7 /* CoreDataStack.swift in Sources */ = {isa = PBXBuildFile; fileRef = 23CD10B521814FE10034FFA7 /* CoreDataStack.swift */; };
		23CD10BD2181A0660034FFA7 /* Class+CoreDataClass.swift in Sources */ = {isa = PBXBuildFile; fileRef = 23CD10B92181A0660034FFA7 /* Class+CoreDataClass.swift */; };
		23CD10C52181A11F0034FFA7 /* Class+CoreDataProperties.swift in Sources */ = {isa = PBXBuildFile; fileRef = 23CD10C42181A11F0034FFA7 /* Class+CoreDataProperties.swift */; };
		23CE667F219BCC0000B34042 /* ToDoTableViewController.swift in Sources */ = {isa = PBXBuildFile; fileRef = 23CE667E219BCC0000B34042 /* ToDoTableViewController.swift */; };
		23F4C9D52191EA1300D00D05 /* UIView+Helpers.swift in Sources */ = {isa = PBXBuildFile; fileRef = 23F4C9D42191EA1300D00D05 /* UIView+Helpers.swift */; };
		23F4C9DA2192704400D00D05 /* UIColor+Helpers.swift in Sources */ = {isa = PBXBuildFile; fileRef = 23F4C9D92192704400D00D05 /* UIColor+Helpers.swift */; };
		23F4C9E0219283EA00D00D05 /* CAGradientLayer+Helpers.swift in Sources */ = {isa = PBXBuildFile; fileRef = 23F4C9DF219283EA00D00D05 /* CAGradientLayer+Helpers.swift */; };
		23F4C9E2219284A000D00D05 /* UINavigationBar.swift in Sources */ = {isa = PBXBuildFile; fileRef = 23F4C9E1219284A000D00D05 /* UINavigationBar.swift */; };
/* End PBXBuildFile section */

/* Begin PBXFileReference section */
		2310CF4221A8877E00A995FB /* AssignmentHeaderFooterView.swift */ = {isa = PBXFileReference; lastKnownFileType = sourcecode.swift; path = AssignmentHeaderFooterView.swift; sourceTree = "<group>"; };
		2310CF4621A920AE00A995FB /* AssignmentHeaderFooterView.xib */ = {isa = PBXFileReference; lastKnownFileType = file.xib; path = AssignmentHeaderFooterView.xib; sourceTree = "<group>"; };
		2310CF4821A9F6C400A995FB /* UIApplication+Helpers.swift */ = {isa = PBXFileReference; lastKnownFileType = sourcecode.swift; path = "UIApplication+Helpers.swift"; sourceTree = "<group>"; };
		23484C552182250E007C5CCF /* CKRecord+Helpers.swift */ = {isa = PBXFileReference; lastKnownFileType = sourcecode.swift; path = "CKRecord+Helpers.swift"; sourceTree = "<group>"; };
		23484C5821822CA6007C5CCF /* Assignment+CoreDataClass.swift */ = {isa = PBXFileReference; lastKnownFileType = sourcecode.swift; path = "Assignment+CoreDataClass.swift"; sourceTree = "<group>"; };
		23484C5921822CA6007C5CCF /* Assignment+CoreDataProperties.swift */ = {isa = PBXFileReference; lastKnownFileType = sourcecode.swift; path = "Assignment+CoreDataProperties.swift"; sourceTree = "<group>"; };
		23484C5C21822CEE007C5CCF /* RecordType.swift */ = {isa = PBXFileReference; lastKnownFileType = sourcecode.swift; path = RecordType.swift; sourceTree = "<group>"; };
		23484C5E21854A1E007C5CCF /* ClassTableViewController.swift */ = {isa = PBXFileReference; lastKnownFileType = sourcecode.swift; path = ClassTableViewController.swift; sourceTree = "<group>"; };
		23484C6021866927007C5CCF /* AddClassTableViewController.swift */ = {isa = PBXFileReference; lastKnownFileType = sourcecode.swift; path = AddClassTableViewController.swift; sourceTree = "<group>"; };
		23484C63218963E0007C5CCF /* AssignmentTableViewController.swift */ = {isa = PBXFileReference; lastKnownFileType = sourcecode.swift; path = AssignmentTableViewController.swift; sourceTree = "<group>"; };
		23484C6521896B62007C5CCF /* AddAssignmentTableViewController.swift */ = {isa = PBXFileReference; lastKnownFileType = sourcecode.swift; path = AddAssignmentTableViewController.swift; sourceTree = "<group>"; };
		23580D49218E164100434DD9 /* ToDo+CoreDataClass.swift */ = {isa = PBXFileReference; lastKnownFileType = sourcecode.swift; path = "ToDo+CoreDataClass.swift"; sourceTree = "<group>"; };
		23580D4A218E164100434DD9 /* ToDo+CoreDataProperties.swift */ = {isa = PBXFileReference; lastKnownFileType = sourcecode.swift; path = "ToDo+CoreDataProperties.swift"; sourceTree = "<group>"; };
		23580D53218E286600434DD9 /* AssignmentTableViewCell.swift */ = {isa = PBXFileReference; lastKnownFileType = sourcecode.swift; path = AssignmentTableViewCell.swift; sourceTree = "<group>"; };
		235E0B85219550D9005D3B9C /* ScheduleTableViewController.swift */ = {isa = PBXFileReference; lastKnownFileType = sourcecode.swift; path = ScheduleTableViewController.swift; sourceTree = "<group>"; };
		235E0B8821955647005D3B9C /* Date+Helpers.swift */ = {isa = PBXFileReference; lastKnownFileType = sourcecode.swift; path = "Date+Helpers.swift"; sourceTree = "<group>"; };
		235E0B8A2197DF44005D3B9C /* String+Helpers.swift */ = {isa = PBXFileReference; lastKnownFileType = sourcecode.swift; path = "String+Helpers.swift"; sourceTree = "<group>"; };
		235E0B8D2198AE05005D3B9C /* ClassTableViewCell.swift */ = {isa = PBXFileReference; lastKnownFileType = sourcecode.swift; path = ClassTableViewCell.swift; sourceTree = "<group>"; };
		235E0B8F2199491F005D3B9C /* UILabel+Helpers.swift */ = {isa = PBXFileReference; lastKnownFileType = sourcecode.swift; path = "UILabel+Helpers.swift"; sourceTree = "<group>"; };
		23CD108D21803C530034FFA7 /* MagnetHomeworkApp.app */ = {isa = PBXFileReference; explicitFileType = wrapper.application; includeInIndex = 0; path = MagnetHomeworkApp.app; sourceTree = BUILT_PRODUCTS_DIR; };
		23CD109021803C530034FFA7 /* AppDelegate.swift */ = {isa = PBXFileReference; lastKnownFileType = sourcecode.swift; path = AppDelegate.swift; sourceTree = "<group>"; };
		23CD109521803C530034FFA7 /* Base */ = {isa = PBXFileReference; lastKnownFileType = file.storyboard; name = Base; path = Base.lproj/Main.storyboard; sourceTree = "<group>"; };
		23CD109821803C530034FFA7 /* MagnetHomeworkApp.xcdatamodel */ = {isa = PBXFileReference; lastKnownFileType = wrapper.xcdatamodel; path = MagnetHomeworkApp.xcdatamodel; sourceTree = "<group>"; };
		23CD109A21803C550034FFA7 /* Assets.xcassets */ = {isa = PBXFileReference; lastKnownFileType = folder.assetcatalog; path = Assets.xcassets; sourceTree = "<group>"; };
		23CD109D21803C550034FFA7 /* Base */ = {isa = PBXFileReference; lastKnownFileType = file.storyboard; name = Base; path = Base.lproj/LaunchScreen.storyboard; sourceTree = "<group>"; };
		23CD109F21803C550034FFA7 /* Info.plist */ = {isa = PBXFileReference; lastKnownFileType = text.plist.xml; path = Info.plist; sourceTree = "<group>"; };
		23CD10A521803CFD0034FFA7 /* MagnetHomeworkApp.entitlements */ = {isa = PBXFileReference; lastKnownFileType = text.plist.entitlements; path = MagnetHomeworkApp.entitlements; sourceTree = "<group>"; };
		23CD10A721803D010034FFA7 /* CloudKit.framework */ = {isa = PBXFileReference; lastKnownFileType = wrapper.framework; name = CloudKit.framework; path = System/Library/Frameworks/CloudKit.framework; sourceTree = SDKROOT; };
		23CD10A921803E4D0034FFA7 /* CloudController.swift */ = {isa = PBXFileReference; lastKnownFileType = sourcecode.swift; path = CloudController.swift; sourceTree = "<group>"; };
		23CD10AC2180413E0034FFA7 /* CloudUploadable.swift */ = {isa = PBXFileReference; lastKnownFileType = sourcecode.swift; path = CloudUploadable.swift; sourceTree = "<group>"; };
		23CD10AE21814F790034FFA7 /* CloudKitErrorHandler.swift */ = {isa = PBXFileReference; lastKnownFileType = sourcecode.swift; path = CloudKitErrorHandler.swift; sourceTree = "<group>"; };
		23CD10B021814F9B0034FFA7 /* CoreDataController.swift */ = {isa = PBXFileReference; lastKnownFileType = sourcecode.swift; path = CoreDataController.swift; sourceTree = "<group>"; };
		23CD10B321814FBE0034FFA7 /* CoreDataUploadable.swift */ = {isa = PBXFileReference; lastKnownFileType = sourcecode.swift; path = CoreDataUploadable.swift; sourceTree = "<group>"; };
		23CD10B521814FE10034FFA7 /* CoreDataStack.swift */ = {isa = PBXFileReference; lastKnownFileType = sourcecode.swift; path = CoreDataStack.swift; sourceTree = "<group>"; };
		23CD10B92181A0660034FFA7 /* Class+CoreDataClass.swift */ = {isa = PBXFileReference; lastKnownFileType = sourcecode.swift; path = "Class+CoreDataClass.swift"; sourceTree = "<group>"; };
		23CD10C42181A11F0034FFA7 /* Class+CoreDataProperties.swift */ = {isa = PBXFileReference; lastKnownFileType = sourcecode.swift; path = "Class+CoreDataProperties.swift"; sourceTree = "<group>"; };
		23CE667E219BCC0000B34042 /* ToDoTableViewController.swift */ = {isa = PBXFileReference; lastKnownFileType = sourcecode.swift; path = ToDoTableViewController.swift; sourceTree = "<group>"; };
		23F4C9D42191EA1300D00D05 /* UIView+Helpers.swift */ = {isa = PBXFileReference; lastKnownFileType = sourcecode.swift; path = "UIView+Helpers.swift"; sourceTree = "<group>"; };
		23F4C9D92192704400D00D05 /* UIColor+Helpers.swift */ = {isa = PBXFileReference; lastKnownFileType = sourcecode.swift; path = "UIColor+Helpers.swift"; sourceTree = "<group>"; };
		23F4C9DF219283EA00D00D05 /* CAGradientLayer+Helpers.swift */ = {isa = PBXFileReference; lastKnownFileType = sourcecode.swift; path = "CAGradientLayer+Helpers.swift"; sourceTree = "<group>"; };
		23F4C9E1219284A000D00D05 /* UINavigationBar.swift */ = {isa = PBXFileReference; lastKnownFileType = sourcecode.swift; path = UINavigationBar.swift; sourceTree = "<group>"; };
/* End PBXFileReference section */

/* Begin PBXFrameworksBuildPhase section */
		23CD108A21803C530034FFA7 /* Frameworks */ = {
			isa = PBXFrameworksBuildPhase;
			buildActionMask = 2147483647;
			files = (
				23CD10A821803D010034FFA7 /* CloudKit.framework in Frameworks */,
			);
			runOnlyForDeploymentPostprocessing = 0;
		};
/* End PBXFrameworksBuildPhase section */

/* Begin PBXGroup section */
		23484C5721822945007C5CCF /* Back-End */ = {
			isa = PBXGroup;
			children = (
				23CD10B221814FA10034FFA7 /* Core Data */,
				23CD10AB218041120034FFA7 /* iCloud */,
				23484C5C21822CEE007C5CCF /* RecordType.swift */,
			);
			path = "Back-End";
			sourceTree = "<group>";
		};
		23484C6221866946007C5CCF /* View Controllers */ = {
			isa = PBXGroup;
			children = (
				23484C5E21854A1E007C5CCF /* ClassTableViewController.swift */,
				23484C63218963E0007C5CCF /* AssignmentTableViewController.swift */,
				235E0B85219550D9005D3B9C /* ScheduleTableViewController.swift */,
				23CE667E219BCC0000B34042 /* ToDoTableViewController.swift */,
				23580D4E218E281100434DD9 /* TableViewCells */,
				23F4C9D821926CCC00D00D05 /* UIExtension */,
				235E0B8721955626005D3B9C /* OtherExtensions */,
			);
			path = "View Controllers";
			sourceTree = "<group>";
		};
		23580D4D218E164D00434DD9 /* ToDo */ = {
			isa = PBXGroup;
			children = (
				23580D49218E164100434DD9 /* ToDo+CoreDataClass.swift */,
				23580D4A218E164100434DD9 /* ToDo+CoreDataProperties.swift */,
			);
			name = ToDo;
			path = ../..;
			sourceTree = "<group>";
		};
		23580D4E218E281100434DD9 /* TableViewCells */ = {
			isa = PBXGroup;
			children = (
				235E0B8D2198AE05005D3B9C /* ClassTableViewCell.swift */,
				23580D53218E286600434DD9 /* AssignmentTableViewCell.swift */,
				2310CF4221A8877E00A995FB /* AssignmentHeaderFooterView.swift */,
			);
			path = TableViewCells;
			sourceTree = "<group>";
		};
		235E0B8721955626005D3B9C /* OtherExtensions */ = {
			isa = PBXGroup;
			children = (
				235E0B8821955647005D3B9C /* Date+Helpers.swift */,
				235E0B8A2197DF44005D3B9C /* String+Helpers.swift */,
			);
			path = OtherExtensions;
			sourceTree = "<group>";
		};
		235E0B8C2197EE2C005D3B9C /* Old */ = {
			isa = PBXGroup;
			children = (
				23484C6021866927007C5CCF /* AddClassTableViewController.swift */,
				23484C6521896B62007C5CCF /* AddAssignmentTableViewController.swift */,
			);
			path = Old;
			sourceTree = "<group>";
		};
		23CD108421803C530034FFA7 = {
			isa = PBXGroup;
			children = (
				23CD108F21803C530034FFA7 /* MagnetHomeworkApp */,
				23CD108E21803C530034FFA7 /* Products */,
				23CD10A621803D010034FFA7 /* Frameworks */,
			);
			sourceTree = "<group>";
		};
		23CD108E21803C530034FFA7 /* Products */ = {
			isa = PBXGroup;
			children = (
				23CD108D21803C530034FFA7 /* MagnetHomeworkApp.app */,
			);
			name = Products;
			sourceTree = "<group>";
		};
		23CD108F21803C530034FFA7 /* MagnetHomeworkApp */ = {
			isa = PBXGroup;
			children = (
				23CD10A521803CFD0034FFA7 /* MagnetHomeworkApp.entitlements */,
				23CD109021803C530034FFA7 /* AppDelegate.swift */,
				23CD109421803C530034FFA7 /* Main.storyboard */,
				2310CF4621A920AE00A995FB /* AssignmentHeaderFooterView.xib */,
				23CD109C21803C550034FFA7 /* LaunchScreen.storyboard */,
				23484C6221866946007C5CCF /* View Controllers */,
				23CD10C32181A0AA0034FFA7 /* Model */,
				23484C5721822945007C5CCF /* Back-End */,
				23CD109A21803C550034FFA7 /* Assets.xcassets */,
				23CD109F21803C550034FFA7 /* Info.plist */,
				23CD109721803C530034FFA7 /* MagnetHomeworkApp.xcdatamodeld */,
				235E0B8C2197EE2C005D3B9C /* Old */,
			);
			path = MagnetHomeworkApp;
			sourceTree = "<group>";
		};
		23CD10A621803D010034FFA7 /* Frameworks */ = {
			isa = PBXGroup;
			children = (
				23CD10A721803D010034FFA7 /* CloudKit.framework */,
			);
			name = Frameworks;
			sourceTree = "<group>";
		};
		23CD10AB218041120034FFA7 /* iCloud */ = {
			isa = PBXGroup;
			children = (
				23CD10A921803E4D0034FFA7 /* CloudController.swift */,
				23CD10AC2180413E0034FFA7 /* CloudUploadable.swift */,
				23CD10AE21814F790034FFA7 /* CloudKitErrorHandler.swift */,
			);
			path = iCloud;
			sourceTree = "<group>";
		};
		23CD10B221814FA10034FFA7 /* Core Data */ = {
			isa = PBXGroup;
			children = (
				23CD10B021814F9B0034FFA7 /* CoreDataController.swift */,
				23CD10B521814FE10034FFA7 /* CoreDataStack.swift */,
				23CD10B321814FBE0034FFA7 /* CoreDataUploadable.swift */,
			);
			path = "Core Data";
			sourceTree = "<group>";
		};
		23CD10C12181A0800034FFA7 /* Class */ = {
			isa = PBXGroup;
			children = (
				23CD10B92181A0660034FFA7 /* Class+CoreDataClass.swift */,
				23CD10C42181A11F0034FFA7 /* Class+CoreDataProperties.swift */,
			);
			name = Class;
			path = ../..;
			sourceTree = "<group>";
		};
		23CD10C22181A0950034FFA7 /* Assignment */ = {
			isa = PBXGroup;
			children = (
				23484C5821822CA6007C5CCF /* Assignment+CoreDataClass.swift */,
				23484C5921822CA6007C5CCF /* Assignment+CoreDataProperties.swift */,
			);
			name = Assignment;
			path = ../..;
			sourceTree = "<group>";
		};
		23CD10C32181A0AA0034FFA7 /* Model */ = {
			isa = PBXGroup;
			children = (
				23484C552182250E007C5CCF /* CKRecord+Helpers.swift */,
				23CD10C12181A0800034FFA7 /* Class */,
				23CD10C22181A0950034FFA7 /* Assignment */,
				23580D4D218E164D00434DD9 /* ToDo */,
			);
			path = Model;
			sourceTree = "<group>";
		};
		23F4C9D821926CCC00D00D05 /* UIExtension */ = {
			isa = PBXGroup;
			children = (
				23F4C9D42191EA1300D00D05 /* UIView+Helpers.swift */,
				23F4C9D92192704400D00D05 /* UIColor+Helpers.swift */,
				23F4C9DF219283EA00D00D05 /* CAGradientLayer+Helpers.swift */,
				23F4C9E1219284A000D00D05 /* UINavigationBar.swift */,
				235E0B8F2199491F005D3B9C /* UILabel+Helpers.swift */,
				2310CF4821A9F6C400A995FB /* UIApplication+Helpers.swift */,
			);
			path = UIExtension;
			sourceTree = "<group>";
		};
/* End PBXGroup section */

/* Begin PBXNativeTarget section */
		23CD108C21803C530034FFA7 /* MagnetHomeworkApp */ = {
			isa = PBXNativeTarget;
			buildConfigurationList = 23CD10A221803C550034FFA7 /* Build configuration list for PBXNativeTarget "MagnetHomeworkApp" */;
			buildPhases = (
				23CD108921803C530034FFA7 /* Sources */,
				23CD108A21803C530034FFA7 /* Frameworks */,
				23CD108B21803C530034FFA7 /* Resources */,
			);
			buildRules = (
			);
			dependencies = (
			);
			name = MagnetHomeworkApp;
			productName = MagnetHomeworkApp;
			productReference = 23CD108D21803C530034FFA7 /* MagnetHomeworkApp.app */;
			productType = "com.apple.product-type.application";
		};
/* End PBXNativeTarget section */

/* Begin PBXProject section */
		23CD108521803C530034FFA7 /* Project object */ = {
			isa = PBXProject;
			attributes = {
				LastSwiftUpdateCheck = 1000;
				LastUpgradeCheck = 1000;
				ORGANIZATIONNAME = Beaglepig;
				TargetAttributes = {
					23CD108C21803C530034FFA7 = {
						CreatedOnToolsVersion = 10.0;
						SystemCapabilities = {
							com.apple.Push = {
								enabled = 1;
							};
							com.apple.iCloud = {
								enabled = 1;
							};
						};
					};
				};
			};
			buildConfigurationList = 23CD108821803C530034FFA7 /* Build configuration list for PBXProject "MagnetHomeworkApp" */;
			compatibilityVersion = "Xcode 9.3";
			developmentRegion = en;
			hasScannedForEncodings = 0;
			knownRegions = (
				en,
				Base,
			);
			mainGroup = 23CD108421803C530034FFA7;
			productRefGroup = 23CD108E21803C530034FFA7 /* Products */;
			projectDirPath = "";
			projectRoot = "";
			targets = (
				23CD108C21803C530034FFA7 /* MagnetHomeworkApp */,
			);
		};
/* End PBXProject section */

/* Begin PBXResourcesBuildPhase section */
		23CD108B21803C530034FFA7 /* Resources */ = {
			isa = PBXResourcesBuildPhase;
			buildActionMask = 2147483647;
			files = (
				23CD109E21803C550034FFA7 /* LaunchScreen.storyboard in Resources */,
				23CD109B21803C550034FFA7 /* Assets.xcassets in Resources */,
				23CD109621803C530034FFA7 /* Main.storyboard in Resources */,
				2310CF4721A920AE00A995FB /* AssignmentHeaderFooterView.xib in Resources */,
			);
			runOnlyForDeploymentPostprocessing = 0;
		};
/* End PBXResourcesBuildPhase section */

/* Begin PBXSourcesBuildPhase section */
		23CD108921803C530034FFA7 /* Sources */ = {
			isa = PBXSourcesBuildPhase;
			buildActionMask = 2147483647;
			files = (
				2310CF4921A9F6C400A995FB /* UIApplication+Helpers.swift in Sources */,
				23484C5F21854A1E007C5CCF /* ClassTableViewController.swift in Sources */,
				23CD10AD2180413E0034FFA7 /* CloudUploadable.swift in Sources */,
				235E0B8E2198AE06005D3B9C /* ClassTableViewCell.swift in Sources */,
				23484C562182250E007C5CCF /* CKRecord+Helpers.swift in Sources */,
				23580D4B218E164100434DD9 /* ToDo+CoreDataClass.swift in Sources */,
				23484C5A21822CA6007C5CCF /* Assignment+CoreDataClass.swift in Sources */,
				235E0B902199491F005D3B9C /* UILabel+Helpers.swift in Sources */,
				23CD109921803C530034FFA7 /* MagnetHomeworkApp.xcdatamodeld in Sources */,
				23F4C9E2219284A000D00D05 /* UINavigationBar.swift in Sources */,
				23CD10B621814FE10034FFA7 /* CoreDataStack.swift in Sources */,
				23F4C9D52191EA1300D00D05 /* UIView+Helpers.swift in Sources */,
				23484C6121866927007C5CCF /* AddClassTableViewController.swift in Sources */,
				235E0B8921955647005D3B9C /* Date+Helpers.swift in Sources */,
				23484C64218963E0007C5CCF /* AssignmentTableViewController.swift in Sources */,
				23CD10C52181A11F0034FFA7 /* Class+CoreDataProperties.swift in Sources */,
				23580D54218E286600434DD9 /* AssignmentTableViewCell.swift in Sources */,
				23CD10B121814F9B0034FFA7 /* CoreDataController.swift in Sources */,
				23CD109121803C530034FFA7 /* AppDelegate.swift in Sources */,
				23CD10BD2181A0660034FFA7 /* Class+CoreDataClass.swift in Sources */,
				2310CF4321A8877E00A995FB /* AssignmentHeaderFooterView.swift in Sources */,
				23580D4C218E164100434DD9 /* ToDo+CoreDataProperties.swift in Sources */,
				23484C6621896B62007C5CCF /* AddAssignmentTableViewController.swift in Sources */,
				23CD10AF21814F790034FFA7 /* CloudKitErrorHandler.swift in Sources */,
				235E0B8B2197DF44005D3B9C /* String+Helpers.swift in Sources */,
				23F4C9E0219283EA00D00D05 /* CAGradientLayer+Helpers.swift in Sources */,
				23CD10AA21803E4D0034FFA7 /* CloudController.swift in Sources */,
				23F4C9DA2192704400D00D05 /* UIColor+Helpers.swift in Sources */,
				23CE667F219BCC0000B34042 /* ToDoTableViewController.swift in Sources */,
				235E0B86219550D9005D3B9C /* ScheduleTableViewController.swift in Sources */,
				23484C5B21822CA6007C5CCF /* Assignment+CoreDataProperties.swift in Sources */,
				23484C5D21822CEE007C5CCF /* RecordType.swift in Sources */,
				23CD10B421814FBE0034FFA7 /* CoreDataUploadable.swift in Sources */,
			);
			runOnlyForDeploymentPostprocessing = 0;
		};
/* End PBXSourcesBuildPhase section */

/* Begin PBXVariantGroup section */
		23CD109421803C530034FFA7 /* Main.storyboard */ = {
			isa = PBXVariantGroup;
			children = (
				23CD109521803C530034FFA7 /* Base */,
			);
			name = Main.storyboard;
			sourceTree = "<group>";
		};
		23CD109C21803C550034FFA7 /* LaunchScreen.storyboard */ = {
			isa = PBXVariantGroup;
			children = (
				23CD109D21803C550034FFA7 /* Base */,
			);
			name = LaunchScreen.storyboard;
			sourceTree = "<group>";
		};
/* End PBXVariantGroup section */

/* Begin XCBuildConfiguration section */
		23CD10A021803C550034FFA7 /* Debug */ = {
			isa = XCBuildConfiguration;
			buildSettings = {
				ALWAYS_SEARCH_USER_PATHS = NO;
				CLANG_ANALYZER_NONNULL = YES;
				CLANG_ANALYZER_NUMBER_OBJECT_CONVERSION = YES_AGGRESSIVE;
				CLANG_CXX_LANGUAGE_STANDARD = "gnu++14";
				CLANG_CXX_LIBRARY = "libc++";
				CLANG_ENABLE_MODULES = YES;
				CLANG_ENABLE_OBJC_ARC = YES;
				CLANG_ENABLE_OBJC_WEAK = YES;
				CLANG_WARN_BLOCK_CAPTURE_AUTORELEASING = YES;
				CLANG_WARN_BOOL_CONVERSION = YES;
				CLANG_WARN_COMMA = YES;
				CLANG_WARN_CONSTANT_CONVERSION = YES;
				CLANG_WARN_DEPRECATED_OBJC_IMPLEMENTATIONS = YES;
				CLANG_WARN_DIRECT_OBJC_ISA_USAGE = YES_ERROR;
				CLANG_WARN_DOCUMENTATION_COMMENTS = YES;
				CLANG_WARN_EMPTY_BODY = YES;
				CLANG_WARN_ENUM_CONVERSION = YES;
				CLANG_WARN_INFINITE_RECURSION = YES;
				CLANG_WARN_INT_CONVERSION = YES;
				CLANG_WARN_NON_LITERAL_NULL_CONVERSION = YES;
				CLANG_WARN_OBJC_IMPLICIT_RETAIN_SELF = YES;
				CLANG_WARN_OBJC_LITERAL_CONVERSION = YES;
				CLANG_WARN_OBJC_ROOT_CLASS = YES_ERROR;
				CLANG_WARN_RANGE_LOOP_ANALYSIS = YES;
				CLANG_WARN_STRICT_PROTOTYPES = YES;
				CLANG_WARN_SUSPICIOUS_MOVE = YES;
				CLANG_WARN_UNGUARDED_AVAILABILITY = YES_AGGRESSIVE;
				CLANG_WARN_UNREACHABLE_CODE = YES;
				CLANG_WARN__DUPLICATE_METHOD_MATCH = YES;
				CODE_SIGN_IDENTITY = "iPhone Developer";
				COPY_PHASE_STRIP = NO;
				DEBUG_INFORMATION_FORMAT = dwarf;
				ENABLE_STRICT_OBJC_MSGSEND = YES;
				ENABLE_TESTABILITY = YES;
				GCC_C_LANGUAGE_STANDARD = gnu11;
				GCC_DYNAMIC_NO_PIC = NO;
				GCC_NO_COMMON_BLOCKS = YES;
				GCC_OPTIMIZATION_LEVEL = 0;
				GCC_PREPROCESSOR_DEFINITIONS = (
					"DEBUG=1",
					"$(inherited)",
				);
				GCC_WARN_64_TO_32_BIT_CONVERSION = YES;
				GCC_WARN_ABOUT_RETURN_TYPE = YES_ERROR;
				GCC_WARN_UNDECLARED_SELECTOR = YES;
				GCC_WARN_UNINITIALIZED_AUTOS = YES_AGGRESSIVE;
				GCC_WARN_UNUSED_FUNCTION = YES;
				GCC_WARN_UNUSED_VARIABLE = YES;
				IPHONEOS_DEPLOYMENT_TARGET = 12.0;
				MTL_ENABLE_DEBUG_INFO = INCLUDE_SOURCE;
				MTL_FAST_MATH = YES;
				ONLY_ACTIVE_ARCH = YES;
				SDKROOT = iphoneos;
				SWIFT_ACTIVE_COMPILATION_CONDITIONS = DEBUG;
				SWIFT_OPTIMIZATION_LEVEL = "-Onone";
			};
			name = Debug;
		};
		23CD10A121803C550034FFA7 /* Release */ = {
			isa = XCBuildConfiguration;
			buildSettings = {
				ALWAYS_SEARCH_USER_PATHS = NO;
				CLANG_ANALYZER_NONNULL = YES;
				CLANG_ANALYZER_NUMBER_OBJECT_CONVERSION = YES_AGGRESSIVE;
				CLANG_CXX_LANGUAGE_STANDARD = "gnu++14";
				CLANG_CXX_LIBRARY = "libc++";
				CLANG_ENABLE_MODULES = YES;
				CLANG_ENABLE_OBJC_ARC = YES;
				CLANG_ENABLE_OBJC_WEAK = YES;
				CLANG_WARN_BLOCK_CAPTURE_AUTORELEASING = YES;
				CLANG_WARN_BOOL_CONVERSION = YES;
				CLANG_WARN_COMMA = YES;
				CLANG_WARN_CONSTANT_CONVERSION = YES;
				CLANG_WARN_DEPRECATED_OBJC_IMPLEMENTATIONS = YES;
				CLANG_WARN_DIRECT_OBJC_ISA_USAGE = YES_ERROR;
				CLANG_WARN_DOCUMENTATION_COMMENTS = YES;
				CLANG_WARN_EMPTY_BODY = YES;
				CLANG_WARN_ENUM_CONVERSION = YES;
				CLANG_WARN_INFINITE_RECURSION = YES;
				CLANG_WARN_INT_CONVERSION = YES;
				CLANG_WARN_NON_LITERAL_NULL_CONVERSION = YES;
				CLANG_WARN_OBJC_IMPLICIT_RETAIN_SELF = YES;
				CLANG_WARN_OBJC_LITERAL_CONVERSION = YES;
				CLANG_WARN_OBJC_ROOT_CLASS = YES_ERROR;
				CLANG_WARN_RANGE_LOOP_ANALYSIS = YES;
				CLANG_WARN_STRICT_PROTOTYPES = YES;
				CLANG_WARN_SUSPICIOUS_MOVE = YES;
				CLANG_WARN_UNGUARDED_AVAILABILITY = YES_AGGRESSIVE;
				CLANG_WARN_UNREACHABLE_CODE = YES;
				CLANG_WARN__DUPLICATE_METHOD_MATCH = YES;
				CODE_SIGN_IDENTITY = "iPhone Developer";
				COPY_PHASE_STRIP = NO;
				DEBUG_INFORMATION_FORMAT = "dwarf-with-dsym";
				ENABLE_NS_ASSERTIONS = NO;
				ENABLE_STRICT_OBJC_MSGSEND = YES;
				GCC_C_LANGUAGE_STANDARD = gnu11;
				GCC_NO_COMMON_BLOCKS = YES;
				GCC_WARN_64_TO_32_BIT_CONVERSION = YES;
				GCC_WARN_ABOUT_RETURN_TYPE = YES_ERROR;
				GCC_WARN_UNDECLARED_SELECTOR = YES;
				GCC_WARN_UNINITIALIZED_AUTOS = YES_AGGRESSIVE;
				GCC_WARN_UNUSED_FUNCTION = YES;
				GCC_WARN_UNUSED_VARIABLE = YES;
				IPHONEOS_DEPLOYMENT_TARGET = 12.0;
				MTL_ENABLE_DEBUG_INFO = NO;
				MTL_FAST_MATH = YES;
				SDKROOT = iphoneos;
				SWIFT_COMPILATION_MODE = wholemodule;
				SWIFT_OPTIMIZATION_LEVEL = "-O";
				VALIDATE_PRODUCT = YES;
			};
			name = Release;
		};
		23CD10A321803C550034FFA7 /* Debug */ = {
			isa = XCBuildConfiguration;
			buildSettings = {
				ASSETCATALOG_COMPILER_APPICON_NAME = AppIcon;
				CODE_SIGN_ENTITLEMENTS = MagnetHomeworkApp/MagnetHomeworkApp.entitlements;
				CODE_SIGN_STYLE = Automatic;
				DEVELOPMENT_TEAM = UBS5J9L934;
				INFOPLIST_FILE = MagnetHomeworkApp/Info.plist;
				IPHONEOS_DEPLOYMENT_TARGET = 12.0;
				LD_RUNPATH_SEARCH_PATHS = (
					"$(inherited)",
					"@executable_path/Frameworks",
				);
				PRODUCT_BUNDLE_IDENTIFIER = com.beaglepig.MagnetHomeworkApp;
				PRODUCT_NAME = "$(TARGET_NAME)";
				SWIFT_VERSION = 4.2;
				TARGETED_DEVICE_FAMILY = "1,2";
			};
			name = Debug;
		};
		23CD10A421803C550034FFA7 /* Release */ = {
			isa = XCBuildConfiguration;
			buildSettings = {
				ASSETCATALOG_COMPILER_APPICON_NAME = AppIcon;
				CODE_SIGN_ENTITLEMENTS = MagnetHomeworkApp/MagnetHomeworkApp.entitlements;
				CODE_SIGN_STYLE = Automatic;
				DEVELOPMENT_TEAM = UBS5J9L934;
				INFOPLIST_FILE = MagnetHomeworkApp/Info.plist;
				IPHONEOS_DEPLOYMENT_TARGET = 12.0;
				LD_RUNPATH_SEARCH_PATHS = (
					"$(inherited)",
					"@executable_path/Frameworks",
				);
				PRODUCT_BUNDLE_IDENTIFIER = com.beaglepig.MagnetHomeworkApp;
				PRODUCT_NAME = "$(TARGET_NAME)";
				SWIFT_VERSION = 4.2;
				TARGETED_DEVICE_FAMILY = "1,2";
			};
			name = Release;
		};
/* End XCBuildConfiguration section */

/* Begin XCConfigurationList section */
		23CD108821803C530034FFA7 /* Build configuration list for PBXProject "MagnetHomeworkApp" */ = {
			isa = XCConfigurationList;
			buildConfigurations = (
				23CD10A021803C550034FFA7 /* Debug */,
				23CD10A121803C550034FFA7 /* Release */,
			);
			defaultConfigurationIsVisible = 0;
			defaultConfigurationName = Release;
		};
		23CD10A221803C550034FFA7 /* Build configuration list for PBXNativeTarget "MagnetHomeworkApp" */ = {
			isa = XCConfigurationList;
			buildConfigurations = (
				23CD10A321803C550034FFA7 /* Debug */,
				23CD10A421803C550034FFA7 /* Release */,
			);
			defaultConfigurationIsVisible = 0;
			defaultConfigurationName = Release;
		};
/* End XCConfigurationList section */

/* Begin XCVersionGroup section */
		23CD109721803C530034FFA7 /* MagnetHomeworkApp.xcdatamodeld */ = {
			isa = XCVersionGroup;
			children = (
				23CD109821803C530034FFA7 /* MagnetHomeworkApp.xcdatamodel */,
			);
			currentVersion = 23CD109821803C530034FFA7 /* MagnetHomeworkApp.xcdatamodel */;
			path = MagnetHomeworkApp.xcdatamodeld;
			sourceTree = "<group>";
			versionGroupType = wrapper.xcdatamodel;
		};
/* End XCVersionGroup section */
	};
	rootObject = 23CD108521803C530034FFA7 /* Project object */;
}
